// !$*UTF8*$!
{
	archiveVersion = 1;
	classes = {
	};
	objectVersion = 46;
	objects = {

/* Begin PBXAggregateTarget section */
		2996D09A1CBCC7AA00F257FF /* WowAggregate */ = {
			isa = PBXAggregateTarget;
			buildConfigurationList = 2996D09D1CBCC7AA00F257FF /* Build configuration list for PBXAggregateTarget "WowAggregate" */;
			buildPhases = (
				2996D09E1CBCC7AF00F257FF /* ShellScript */,
			);
			dependencies = (
			);
			name = WowAggregate;
			productName = WowAggregate;
		};
/* End PBXAggregateTarget section */

/* Begin PBXBuildFile section */
		2996D0751CBCC73600F257FF /* WowFramework.h in Headers */ = {isa = PBXBuildFile; fileRef = 2996D0741CBCC73600F257FF /* WowFramework.h */; settings = {ATTRIBUTES = (Public, ); }; };
		2996D0BB1CBCC7FE00F257FF /* NotificationCenter+Add.swift in Sources */ = {isa = PBXBuildFile; fileRef = 2996D0A11CBCC7FE00F257FF /* NotificationCenter+Add.swift */; };
		2996D0BC1CBCC7FE00F257FF /* NSBundle+Add.swift in Sources */ = {isa = PBXBuildFile; fileRef = 2996D0A31CBCC7FE00F257FF /* NSBundle+Add.swift */; };
		2996D0BD1CBCC7FE00F257FF /* String+Add.swift in Sources */ = {isa = PBXBuildFile; fileRef = 2996D0A51CBCC7FE00F257FF /* String+Add.swift */; };
		2996D0BE1CBCC7FE00F257FF /* UIApplication+Add.swift in Sources */ = {isa = PBXBuildFile; fileRef = 2996D0A71CBCC7FE00F257FF /* UIApplication+Add.swift */; };
		2996D0BF1CBCC7FE00F257FF /* UIDevice+Add.swift in Sources */ = {isa = PBXBuildFile; fileRef = 2996D0A91CBCC7FE00F257FF /* UIDevice+Add.swift */; };
		2996D0C01CBCC7FE00F257FF /* UIFont+Add.swift in Sources */ = {isa = PBXBuildFile; fileRef = 2996D0AB1CBCC7FE00F257FF /* UIFont+Add.swift */; };
		2996D0C11CBCC7FE00F257FF /* UIImage+Add.swift in Sources */ = {isa = PBXBuildFile; fileRef = 2996D0AD1CBCC7FE00F257FF /* UIImage+Add.swift */; };
		2996D0C21CBCC7FE00F257FF /* UINib+Add.swift in Sources */ = {isa = PBXBuildFile; fileRef = 2996D0AF1CBCC7FE00F257FF /* UINib+Add.swift */; };
		2996D0C31CBCC7FE00F257FF /* UIStoryBoard+Add.swift in Sources */ = {isa = PBXBuildFile; fileRef = 2996D0B11CBCC7FE00F257FF /* UIStoryBoard+Add.swift */; };
		2996D0C41CBCC7FE00F257FF /* UITableVIew+Add.swift in Sources */ = {isa = PBXBuildFile; fileRef = 2996D0B31CBCC7FE00F257FF /* UITableVIew+Add.swift */; };
		2996D0C51CBCC7FE00F257FF /* UITableViewCell+Add.swift in Sources */ = {isa = PBXBuildFile; fileRef = 2996D0B51CBCC7FE00F257FF /* UITableViewCell+Add.swift */; };
		2996D0C61CBCC7FE00F257FF /* UIView+Add.swift in Sources */ = {isa = PBXBuildFile; fileRef = 2996D0B71CBCC7FE00F257FF /* UIView+Add.swift */; };
		2996D0C71CBCC7FE00F257FF /* UIViewController+Add.swift in Sources */ = {isa = PBXBuildFile; fileRef = 2996D0B91CBCC7FE00F257FF /* UIViewController+Add.swift */; };
		2996D0C81CBCC7FE00F257FF /* MacroFunctions.swift in Sources */ = {isa = PBXBuildFile; fileRef = 2996D0BA1CBCC7FE00F257FF /* MacroFunctions.swift */; };
		B024725B167DD005C82EF190 /* Pods_WowFramework.framework in Frameworks */ = {isa = PBXBuildFile; fileRef = 77A26AD47D81C42101AAB5E1 /* Pods_WowFramework.framework */; };
/* End PBXBuildFile section */

/* Begin PBXFileReference section */
		2996D0711CBCC73600F257FF /* WowFramework.framework */ = {isa = PBXFileReference; explicitFileType = wrapper.framework; includeInIndex = 0; path = WowFramework.framework; sourceTree = BUILT_PRODUCTS_DIR; };
		2996D0741CBCC73600F257FF /* WowFramework.h */ = {isa = PBXFileReference; lastKnownFileType = sourcecode.c.h; path = WowFramework.h; sourceTree = "<group>"; };
		2996D0761CBCC73600F257FF /* Info.plist */ = {isa = PBXFileReference; lastKnownFileType = text.plist.xml; path = Info.plist; sourceTree = "<group>"; };
		2996D0A11CBCC7FE00F257FF /* NotificationCenter+Add.swift */ = {isa = PBXFileReference; fileEncoding = 4; lastKnownFileType = sourcecode.swift; path = "NotificationCenter+Add.swift"; sourceTree = "<group>"; };
		2996D0A31CBCC7FE00F257FF /* NSBundle+Add.swift */ = {isa = PBXFileReference; fileEncoding = 4; lastKnownFileType = sourcecode.swift; path = "NSBundle+Add.swift"; sourceTree = "<group>"; };
		2996D0A51CBCC7FE00F257FF /* String+Add.swift */ = {isa = PBXFileReference; fileEncoding = 4; lastKnownFileType = sourcecode.swift; path = "String+Add.swift"; sourceTree = "<group>"; };
		2996D0A71CBCC7FE00F257FF /* UIApplication+Add.swift */ = {isa = PBXFileReference; fileEncoding = 4; lastKnownFileType = sourcecode.swift; path = "UIApplication+Add.swift"; sourceTree = "<group>"; };
		2996D0A91CBCC7FE00F257FF /* UIDevice+Add.swift */ = {isa = PBXFileReference; fileEncoding = 4; lastKnownFileType = sourcecode.swift; path = "UIDevice+Add.swift"; sourceTree = "<group>"; };
		2996D0AB1CBCC7FE00F257FF /* UIFont+Add.swift */ = {isa = PBXFileReference; fileEncoding = 4; lastKnownFileType = sourcecode.swift; path = "UIFont+Add.swift"; sourceTree = "<group>"; };
		2996D0AD1CBCC7FE00F257FF /* UIImage+Add.swift */ = {isa = PBXFileReference; fileEncoding = 4; lastKnownFileType = sourcecode.swift; path = "UIImage+Add.swift"; sourceTree = "<group>"; };
		2996D0AF1CBCC7FE00F257FF /* UINib+Add.swift */ = {isa = PBXFileReference; fileEncoding = 4; lastKnownFileType = sourcecode.swift; path = "UINib+Add.swift"; sourceTree = "<group>"; };
		2996D0B11CBCC7FE00F257FF /* UIStoryBoard+Add.swift */ = {isa = PBXFileReference; fileEncoding = 4; lastKnownFileType = sourcecode.swift; path = "UIStoryBoard+Add.swift"; sourceTree = "<group>"; };
		2996D0B31CBCC7FE00F257FF /* UITableVIew+Add.swift */ = {isa = PBXFileReference; fileEncoding = 4; lastKnownFileType = sourcecode.swift; path = "UITableVIew+Add.swift"; sourceTree = "<group>"; };
		2996D0B51CBCC7FE00F257FF /* UITableViewCell+Add.swift */ = {isa = PBXFileReference; fileEncoding = 4; lastKnownFileType = sourcecode.swift; path = "UITableViewCell+Add.swift"; sourceTree = "<group>"; };
		2996D0B71CBCC7FE00F257FF /* UIView+Add.swift */ = {isa = PBXFileReference; fileEncoding = 4; lastKnownFileType = sourcecode.swift; path = "UIView+Add.swift"; sourceTree = "<group>"; };
		2996D0B91CBCC7FE00F257FF /* UIViewController+Add.swift */ = {isa = PBXFileReference; fileEncoding = 4; lastKnownFileType = sourcecode.swift; path = "UIViewController+Add.swift"; sourceTree = "<group>"; };
		2996D0BA1CBCC7FE00F257FF /* MacroFunctions.swift */ = {isa = PBXFileReference; fileEncoding = 4; lastKnownFileType = sourcecode.swift; path = MacroFunctions.swift; sourceTree = "<group>"; };
		6713933CAC25815C4EEAC95B /* Pods-WowFramework.release.xcconfig */ = {isa = PBXFileReference; includeInIndex = 1; lastKnownFileType = text.xcconfig; name = "Pods-WowFramework.release.xcconfig"; path = "../Pods/Target Support Files/Pods-WowFramework/Pods-WowFramework.release.xcconfig"; sourceTree = "<group>"; };
		77A26AD47D81C42101AAB5E1 /* Pods_WowFramework.framework */ = {isa = PBXFileReference; explicitFileType = wrapper.framework; includeInIndex = 0; path = Pods_WowFramework.framework; sourceTree = BUILT_PRODUCTS_DIR; };
		868F9B0FCCC0E7ED105930FE /* Pods-WowFramework.debug.xcconfig */ = {isa = PBXFileReference; includeInIndex = 1; lastKnownFileType = text.xcconfig; name = "Pods-WowFramework.debug.xcconfig"; path = "../Pods/Target Support Files/Pods-WowFramework/Pods-WowFramework.debug.xcconfig"; sourceTree = "<group>"; };
/* End PBXFileReference section */

/* Begin PBXFrameworksBuildPhase section */
		2996D06D1CBCC73600F257FF /* Frameworks */ = {
			isa = PBXFrameworksBuildPhase;
			buildActionMask = 2147483647;
			files = (
				B024725B167DD005C82EF190 /* Pods_WowFramework.framework in Frameworks */,
			);
			runOnlyForDeploymentPostprocessing = 0;
		};
/* End PBXFrameworksBuildPhase section */

/* Begin PBXGroup section */
		2996D0671CBCC73600F257FF = {
			isa = PBXGroup;
			children = (
				2996D0731CBCC73600F257FF /* WowFramework */,
				2996D0721CBCC73600F257FF /* Products */,
				8FD61230BB6563B38265A574 /* Pods */,
				86D56FCF43CD3703926137D4 /* Frameworks */,
			);
			sourceTree = "<group>";
		};
		2996D0721CBCC73600F257FF /* Products */ = {
			isa = PBXGroup;
			children = (
				2996D0711CBCC73600F257FF /* WowFramework.framework */,
			);
			name = Products;
			sourceTree = "<group>";
		};
		2996D0731CBCC73600F257FF /* WowFramework */ = {
			isa = PBXGroup;
			children = (
				2996D09F1CBCC7FE00F257FF /* Extensions */,
				2996D0BA1CBCC7FE00F257FF /* MacroFunctions.swift */,
				2996D0741CBCC73600F257FF /* WowFramework.h */,
				2996D0761CBCC73600F257FF /* Info.plist */,
			);
			path = WowFramework;
			sourceTree = "<group>";
		};
		2996D09F1CBCC7FE00F257FF /* Extensions */ = {
			isa = PBXGroup;
			children = (
				2996D0A01CBCC7FE00F257FF /* NotificationCenter+ */,
				2996D0A21CBCC7FE00F257FF /* NSBundle+ */,
				2996D0A41CBCC7FE00F257FF /* String+ */,
				2996D0A61CBCC7FE00F257FF /* UIApplication+ */,
				2996D0A81CBCC7FE00F257FF /* UIDevice+ */,
				2996D0AA1CBCC7FE00F257FF /* UIFont+ */,
				2996D0AC1CBCC7FE00F257FF /* UIImage+ */,
				2996D0AE1CBCC7FE00F257FF /* UINib+ */,
				2996D0B01CBCC7FE00F257FF /* UIStoryBoard+ */,
				2996D0B21CBCC7FE00F257FF /* UITableView+ */,
				2996D0B41CBCC7FE00F257FF /* UITableViewCell+ */,
				2996D0B61CBCC7FE00F257FF /* UIView+ */,
				2996D0B81CBCC7FE00F257FF /* UIViewController+ */,
			);
			path = Extensions;
			sourceTree = "<group>";
		};
		2996D0A01CBCC7FE00F257FF /* NotificationCenter+ */ = {
			isa = PBXGroup;
			children = (
				2996D0A11CBCC7FE00F257FF /* NotificationCenter+Add.swift */,
			);
			path = "NotificationCenter+";
			sourceTree = "<group>";
		};
		2996D0A21CBCC7FE00F257FF /* NSBundle+ */ = {
			isa = PBXGroup;
			children = (
				2996D0A31CBCC7FE00F257FF /* NSBundle+Add.swift */,
			);
			path = "NSBundle+";
			sourceTree = "<group>";
		};
		2996D0A41CBCC7FE00F257FF /* String+ */ = {
			isa = PBXGroup;
			children = (
				2996D0A51CBCC7FE00F257FF /* String+Add.swift */,
			);
			path = "String+";
			sourceTree = "<group>";
		};
		2996D0A61CBCC7FE00F257FF /* UIApplication+ */ = {
			isa = PBXGroup;
			children = (
				2996D0A71CBCC7FE00F257FF /* UIApplication+Add.swift */,
			);
			path = "UIApplication+";
			sourceTree = "<group>";
		};
		2996D0A81CBCC7FE00F257FF /* UIDevice+ */ = {
			isa = PBXGroup;
			children = (
				2996D0A91CBCC7FE00F257FF /* UIDevice+Add.swift */,
			);
			path = "UIDevice+";
			sourceTree = "<group>";
		};
		2996D0AA1CBCC7FE00F257FF /* UIFont+ */ = {
			isa = PBXGroup;
			children = (
				2996D0AB1CBCC7FE00F257FF /* UIFont+Add.swift */,
			);
			path = "UIFont+";
			sourceTree = "<group>";
		};
		2996D0AC1CBCC7FE00F257FF /* UIImage+ */ = {
			isa = PBXGroup;
			children = (
				2996D0AD1CBCC7FE00F257FF /* UIImage+Add.swift */,
			);
			path = "UIImage+";
			sourceTree = "<group>";
		};
		2996D0AE1CBCC7FE00F257FF /* UINib+ */ = {
			isa = PBXGroup;
			children = (
				2996D0AF1CBCC7FE00F257FF /* UINib+Add.swift */,
			);
			path = "UINib+";
			sourceTree = "<group>";
		};
		2996D0B01CBCC7FE00F257FF /* UIStoryBoard+ */ = {
			isa = PBXGroup;
			children = (
				2996D0B11CBCC7FE00F257FF /* UIStoryBoard+Add.swift */,
			);
			path = "UIStoryBoard+";
			sourceTree = "<group>";
		};
		2996D0B21CBCC7FE00F257FF /* UITableView+ */ = {
			isa = PBXGroup;
			children = (
				2996D0B31CBCC7FE00F257FF /* UITableVIew+Add.swift */,
			);
			path = "UITableView+";
			sourceTree = "<group>";
		};
		2996D0B41CBCC7FE00F257FF /* UITableViewCell+ */ = {
			isa = PBXGroup;
			children = (
				2996D0B51CBCC7FE00F257FF /* UITableViewCell+Add.swift */,
			);
			path = "UITableViewCell+";
			sourceTree = "<group>";
		};
		2996D0B61CBCC7FE00F257FF /* UIView+ */ = {
			isa = PBXGroup;
			children = (
				2996D0B71CBCC7FE00F257FF /* UIView+Add.swift */,
			);
			path = "UIView+";
			sourceTree = "<group>";
		};
		2996D0B81CBCC7FE00F257FF /* UIViewController+ */ = {
			isa = PBXGroup;
			children = (
				2996D0B91CBCC7FE00F257FF /* UIViewController+Add.swift */,
			);
			path = "UIViewController+";
			sourceTree = "<group>";
		};
		86D56FCF43CD3703926137D4 /* Frameworks */ = {
			isa = PBXGroup;
			children = (
				77A26AD47D81C42101AAB5E1 /* Pods_WowFramework.framework */,
			);
			name = Frameworks;
			sourceTree = "<group>";
		};
		8FD61230BB6563B38265A574 /* Pods */ = {
			isa = PBXGroup;
			children = (
				868F9B0FCCC0E7ED105930FE /* Pods-WowFramework.debug.xcconfig */,
				6713933CAC25815C4EEAC95B /* Pods-WowFramework.release.xcconfig */,
			);
			name = Pods;
			sourceTree = "<group>";
		};
/* End PBXGroup section */

/* Begin PBXHeadersBuildPhase section */
		2996D06E1CBCC73600F257FF /* Headers */ = {
			isa = PBXHeadersBuildPhase;
			buildActionMask = 2147483647;
			files = (
				2996D0751CBCC73600F257FF /* WowFramework.h in Headers */,
			);
			runOnlyForDeploymentPostprocessing = 0;
		};
/* End PBXHeadersBuildPhase section */

/* Begin PBXNativeTarget section */
		2996D0701CBCC73600F257FF /* WowFramework */ = {
			isa = PBXNativeTarget;
			buildConfigurationList = 2996D0791CBCC73600F257FF /* Build configuration list for PBXNativeTarget "WowFramework" */;
			buildPhases = (
				F4CE4681336CF11C7EA91AF3 /* Check Pods Manifest.lock */,
				2996D06C1CBCC73600F257FF /* Sources */,
				2996D06D1CBCC73600F257FF /* Frameworks */,
				2996D06E1CBCC73600F257FF /* Headers */,
				2996D06F1CBCC73600F257FF /* Resources */,
				464008F9ED4CEBB507D53EBB /* Copy Pods Resources */,
			);
			buildRules = (
			);
			dependencies = (
			);
			name = WowFramework;
			productName = WowFramework;
			productReference = 2996D0711CBCC73600F257FF /* WowFramework.framework */;
			productType = "com.apple.product-type.framework";
		};
/* End PBXNativeTarget section */

/* Begin PBXProject section */
		2996D0681CBCC73600F257FF /* Project object */ = {
			isa = PBXProject;
			attributes = {
				LastUpgradeCheck = 0730;
				ORGANIZATIONNAME = "王云鹏";
				TargetAttributes = {
					2996D0701CBCC73600F257FF = {
						CreatedOnToolsVersion = 7.3;
					};
					2996D09A1CBCC7AA00F257FF = {
						CreatedOnToolsVersion = 7.3;
					};
				};
			};
			buildConfigurationList = 2996D06B1CBCC73600F257FF /* Build configuration list for PBXProject "WowFramework" */;
			compatibilityVersion = "Xcode 3.2";
			developmentRegion = English;
			hasScannedForEncodings = 0;
			knownRegions = (
				en,
			);
			mainGroup = 2996D0671CBCC73600F257FF;
			productRefGroup = 2996D0721CBCC73600F257FF /* Products */;
			projectDirPath = "";
			projectRoot = "";
			targets = (
				2996D0701CBCC73600F257FF /* WowFramework */,
				2996D09A1CBCC7AA00F257FF /* WowAggregate */,
			);
		};
/* End PBXProject section */

/* Begin PBXResourcesBuildPhase section */
		2996D06F1CBCC73600F257FF /* Resources */ = {
			isa = PBXResourcesBuildPhase;
			buildActionMask = 2147483647;
			files = (
			);
			runOnlyForDeploymentPostprocessing = 0;
		};
/* End PBXResourcesBuildPhase section */

/* Begin PBXShellScriptBuildPhase section */
		2996D09E1CBCC7AF00F257FF /* ShellScript */ = {
			isa = PBXShellScriptBuildPhase;
			buildActionMask = 2147483647;
			files = (
			);
			inputPaths = (
			);
			outputPaths = (
			);
			runOnlyForDeploymentPostprocessing = 0;
			shellPath = /bin/sh;
			shellScript = "# Sets the target folders and the final framework product.\n# 如果工程名称和Framework的Target名称不一样的话，要自定义FMKNAME\n# 例如: FMK_NAME = \"WowFramework\"\nFMK_NAME=\"WowFramework\"\n# Install dir will be the final output to the framework.\n# The following line create it in the root folder of the current project.\nINSTALL_DIR=${SRCROOT}/Products/${FMK_NAME}.framework\n# Working dir will be deleted after the framework creation.\nWRK_DIR=build\nDEVICE_DIR=${WRK_DIR}/Release-iphoneos/${FMK_NAME}.framework\nSIMULATOR_DIR=${WRK_DIR}/Release-iphonesimulator/${FMK_NAME}.framework\n# -configuration ${CONFIGURATION}\n# Clean and Building both architectures.\nxcodebuild -configuration \"Release\" -target \"${FMK_NAME}\" -sdk iphoneos clean build\nxcodebuild -configuration \"Release\" -target \"${FMK_NAME}\" -sdk iphonesimulator clean build\n# Cleaning the oldest.\nif [ -d \"${INSTALL_DIR}\" ]\nthen\nrm -rf \"${INSTALL_DIR}\"\nfi\nmkdir -p \"${INSTALL_DIR}\"\ncp -R \"${DEVICE_DIR}/\" \"${INSTALL_DIR}/\"\n# Uses the Lipo Tool to merge both binary files (i386 + armv6/armv7) into one Universal final product.\nlipo -create \"${DEVICE_DIR}/${FMK_NAME}\" \"${SIMULATOR_DIR}/${FMK_NAME}\" -output \"${INSTALL_DIR}/${FMK_NAME}\"\nrm -r \"${WRK_DIR}\"\nopen \"${INSTALL_DIR}\"\n";
		};
		464008F9ED4CEBB507D53EBB /* Copy Pods Resources */ = {
			isa = PBXShellScriptBuildPhase;
			buildActionMask = 2147483647;
			files = (
			);
			inputPaths = (
			);
			name = "Copy Pods Resources";
			outputPaths = (
			);
			runOnlyForDeploymentPostprocessing = 0;
			shellPath = /bin/sh;
			shellScript = "\"${SRCROOT}/../Pods/Target Support Files/Pods-WowFramework/Pods-WowFramework-resources.sh\"\n";
			showEnvVarsInLog = 0;
		};
		F4CE4681336CF11C7EA91AF3 /* Check Pods Manifest.lock */ = {
			isa = PBXShellScriptBuildPhase;
			buildActionMask = 2147483647;
			files = (
			);
			inputPaths = (
			);
			name = "Check Pods Manifest.lock";
			outputPaths = (
			);
			runOnlyForDeploymentPostprocessing = 0;
			shellPath = /bin/sh;
			shellScript = "diff \"${PODS_ROOT}/../Podfile.lock\" \"${PODS_ROOT}/Manifest.lock\" > /dev/null\nif [[ $? != 0 ]] ; then\n    cat << EOM\nerror: The sandbox is not in sync with the Podfile.lock. Run 'pod install' or update your CocoaPods installation.\nEOM\n    exit 1\nfi\n";
			showEnvVarsInLog = 0;
		};
/* End PBXShellScriptBuildPhase section */

/* Begin PBXSourcesBuildPhase section */
		2996D06C1CBCC73600F257FF /* Sources */ = {
			isa = PBXSourcesBuildPhase;
			buildActionMask = 2147483647;
			files = (
				2996D0BE1CBCC7FE00F257FF /* UIApplication+Add.swift in Sources */,
				2996D0BD1CBCC7FE00F257FF /* String+Add.swift in Sources */,
				2996D0C11CBCC7FE00F257FF /* UIImage+Add.swift in Sources */,
				2996D0C41CBCC7FE00F257FF /* UITableVIew+Add.swift in Sources */,
				2996D0C01CBCC7FE00F257FF /* UIFont+Add.swift in Sources */,
				2996D0BC1CBCC7FE00F257FF /* NSBundle+Add.swift in Sources */,
				2996D0C71CBCC7FE00F257FF /* UIViewController+Add.swift in Sources */,
				2996D0C51CBCC7FE00F257FF /* UITableViewCell+Add.swift in Sources */,
				2996D0C81CBCC7FE00F257FF /* MacroFunctions.swift in Sources */,
				2996D0C21CBCC7FE00F257FF /* UINib+Add.swift in Sources */,
				2996D0C61CBCC7FE00F257FF /* UIView+Add.swift in Sources */,
				2996D0C31CBCC7FE00F257FF /* UIStoryBoard+Add.swift in Sources */,
				2996D0BF1CBCC7FE00F257FF /* UIDevice+Add.swift in Sources */,
				2996D0BB1CBCC7FE00F257FF /* NotificationCenter+Add.swift in Sources */,
			);
			runOnlyForDeploymentPostprocessing = 0;
		};
/* End PBXSourcesBuildPhase section */

/* Begin XCBuildConfiguration section */
		2996D0771CBCC73600F257FF /* Debug */ = {
			isa = XCBuildConfiguration;
			buildSettings = {
				ALWAYS_SEARCH_USER_PATHS = NO;
				CLANG_ANALYZER_NONNULL = YES;
				CLANG_CXX_LANGUAGE_STANDARD = "gnu++0x";
				CLANG_CXX_LIBRARY = "libc++";
				CLANG_ENABLE_MODULES = YES;
				CLANG_ENABLE_OBJC_ARC = YES;
				CLANG_WARN_BOOL_CONVERSION = YES;
				CLANG_WARN_CONSTANT_CONVERSION = YES;
				CLANG_WARN_DIRECT_OBJC_ISA_USAGE = YES_ERROR;
				CLANG_WARN_EMPTY_BODY = YES;
				CLANG_WARN_ENUM_CONVERSION = YES;
				CLANG_WARN_INT_CONVERSION = YES;
				CLANG_WARN_OBJC_ROOT_CLASS = YES_ERROR;
				CLANG_WARN_UNREACHABLE_CODE = YES;
				CLANG_WARN__DUPLICATE_METHOD_MATCH = YES;
				"CODE_SIGN_IDENTITY[sdk=iphoneos*]" = "iPhone Developer";
				COPY_PHASE_STRIP = NO;
				CURRENT_PROJECT_VERSION = 1;
				DEBUG_INFORMATION_FORMAT = dwarf;
				ENABLE_STRICT_OBJC_MSGSEND = YES;
				ENABLE_TESTABILITY = YES;
				GCC_C_LANGUAGE_STANDARD = gnu99;
				GCC_DYNAMIC_NO_PIC = NO;
				GCC_NO_COMMON_BLOCKS = YES;
				GCC_OPTIMIZATION_LEVEL = 0;
				GCC_PREPROCESSOR_DEFINITIONS = (
					"DEBUG=1",
					"$(inherited)",
				);
				GCC_WARN_64_TO_32_BIT_CONVERSION = YES;
				GCC_WARN_ABOUT_RETURN_TYPE = YES_ERROR;
				GCC_WARN_UNDECLARED_SELECTOR = YES;
				GCC_WARN_UNINITIALIZED_AUTOS = YES_AGGRESSIVE;
				GCC_WARN_UNUSED_FUNCTION = YES;
				GCC_WARN_UNUSED_VARIABLE = YES;
				IPHONEOS_DEPLOYMENT_TARGET = 9.3;
				MTL_ENABLE_DEBUG_INFO = YES;
				ONLY_ACTIVE_ARCH = YES;
				SDKROOT = iphoneos;
				SWIFT_OPTIMIZATION_LEVEL = "-Onone";
				TARGETED_DEVICE_FAMILY = "1,2";
				VERSIONING_SYSTEM = "apple-generic";
				VERSION_INFO_PREFIX = "";
			};
			name = Debug;
		};
		2996D0781CBCC73600F257FF /* Release */ = {
			isa = XCBuildConfiguration;
			buildSettings = {
				ALWAYS_SEARCH_USER_PATHS = NO;
				CLANG_ANALYZER_NONNULL = YES;
				CLANG_CXX_LANGUAGE_STANDARD = "gnu++0x";
				CLANG_CXX_LIBRARY = "libc++";
				CLANG_ENABLE_MODULES = YES;
				CLANG_ENABLE_OBJC_ARC = YES;
				CLANG_WARN_BOOL_CONVERSION = YES;
				CLANG_WARN_CONSTANT_CONVERSION = YES;
				CLANG_WARN_DIRECT_OBJC_ISA_USAGE = YES_ERROR;
				CLANG_WARN_EMPTY_BODY = YES;
				CLANG_WARN_ENUM_CONVERSION = YES;
				CLANG_WARN_INT_CONVERSION = YES;
				CLANG_WARN_OBJC_ROOT_CLASS = YES_ERROR;
				CLANG_WARN_UNREACHABLE_CODE = YES;
				CLANG_WARN__DUPLICATE_METHOD_MATCH = YES;
				"CODE_SIGN_IDENTITY[sdk=iphoneos*]" = "iPhone Developer";
				COPY_PHASE_STRIP = NO;
				CURRENT_PROJECT_VERSION = 1;
				DEBUG_INFORMATION_FORMAT = "dwarf-with-dsym";
				ENABLE_NS_ASSERTIONS = NO;
				ENABLE_STRICT_OBJC_MSGSEND = YES;
				GCC_C_LANGUAGE_STANDARD = gnu99;
				GCC_NO_COMMON_BLOCKS = YES;
				GCC_WARN_64_TO_32_BIT_CONVERSION = YES;
				GCC_WARN_ABOUT_RETURN_TYPE = YES_ERROR;
				GCC_WARN_UNDECLARED_SELECTOR = YES;
				GCC_WARN_UNINITIALIZED_AUTOS = YES_AGGRESSIVE;
				GCC_WARN_UNUSED_FUNCTION = YES;
				GCC_WARN_UNUSED_VARIABLE = YES;
				IPHONEOS_DEPLOYMENT_TARGET = 9.3;
				MTL_ENABLE_DEBUG_INFO = NO;
				SDKROOT = iphoneos;
				TARGETED_DEVICE_FAMILY = "1,2";
				VALIDATE_PRODUCT = YES;
				VERSIONING_SYSTEM = "apple-generic";
				VERSION_INFO_PREFIX = "";
			};
			name = Release;
		};
		2996D07A1CBCC73600F257FF /* Debug */ = {
			isa = XCBuildConfiguration;
			baseConfigurationReference = 868F9B0FCCC0E7ED105930FE /* Pods-WowFramework.debug.xcconfig */;
			buildSettings = {
				CLANG_ENABLE_MODULES = YES;
				DEFINES_MODULE = YES;
				DYLIB_COMPATIBILITY_VERSION = 1;
				DYLIB_CURRENT_VERSION = 1;
				DYLIB_INSTALL_NAME_BASE = "@rpath";
				INFOPLIST_FILE = WowFramework/Info.plist;
				INSTALL_PATH = "$(LOCAL_LIBRARY_DIR)/Frameworks";
				IPHONEOS_DEPLOYMENT_TARGET = 8.0;
				LD_RUNPATH_SEARCH_PATHS = "$(inherited) @executable_path/Frameworks @loader_path/Frameworks";
				PRODUCT_BUNDLE_IDENTIFIER = com.wow.dsgn.WowFramework;
				PRODUCT_NAME = "$(TARGET_NAME)";
				SKIP_INSTALL = YES;
				SWIFT_OPTIMIZATION_LEVEL = "-Onone";
			};
			name = Debug;
		};
		2996D07B1CBCC73600F257FF /* Release */ = {
			isa = XCBuildConfiguration;
			baseConfigurationReference = 6713933CAC25815C4EEAC95B /* Pods-WowFramework.release.xcconfig */;
			buildSettings = {
				CLANG_ENABLE_MODULES = YES;
				DEFINES_MODULE = YES;
				DYLIB_COMPATIBILITY_VERSION = 1;
				DYLIB_CURRENT_VERSION = 1;
				DYLIB_INSTALL_NAME_BASE = "@rpath";
				INFOPLIST_FILE = WowFramework/Info.plist;
				INSTALL_PATH = "$(LOCAL_LIBRARY_DIR)/Frameworks";
				IPHONEOS_DEPLOYMENT_TARGET = 8.0;
				LD_RUNPATH_SEARCH_PATHS = "$(inherited) @executable_path/Frameworks @loader_path/Frameworks";
				PRODUCT_BUNDLE_IDENTIFIER = com.wow.dsgn.WowFramework;
				PRODUCT_NAME = "$(TARGET_NAME)";
				SKIP_INSTALL = YES;
			};
			name = Release;
		};
		2996D09B1CBCC7AA00F257FF /* Debug */ = {
			isa = XCBuildConfiguration;
			buildSettings = {
				PRODUCT_NAME = "$(TARGET_NAME)";
			};
			name = Debug;
		};
		2996D09C1CBCC7AA00F257FF /* Release */ = {
			isa = XCBuildConfiguration;
			buildSettings = {
				PRODUCT_NAME = "$(TARGET_NAME)";
			};
			name = Release;
		};
/* End XCBuildConfiguration section */

/* Begin XCConfigurationList section */
		2996D06B1CBCC73600F257FF /* Build configuration list for PBXProject "WowFramework" */ = {
			isa = XCConfigurationList;
			buildConfigurations = (
				2996D0771CBCC73600F257FF /* Debug */,
				2996D0781CBCC73600F257FF /* Release */,
			);
			defaultConfigurationIsVisible = 0;
			defaultConfigurationName = Release;
		};
		2996D0791CBCC73600F257FF /* Build configuration list for PBXNativeTarget "WowFramework" */ = {
			isa = XCConfigurationList;
			buildConfigurations = (
				2996D07A1CBCC73600F257FF /* Debug */,
				2996D07B1CBCC73600F257FF /* Release */,
			);
			defaultConfigurationIsVisible = 0;
			defaultConfigurationName = Release;
		};
		2996D09D1CBCC7AA00F257FF /* Build configuration list for PBXAggregateTarget "WowAggregate" */ = {
			isa = XCConfigurationList;
			buildConfigurations = (
				2996D09B1CBCC7AA00F257FF /* Debug */,
				2996D09C1CBCC7AA00F257FF /* Release */,
			);
			defaultConfigurationIsVisible = 0;
			defaultConfigurationName = Release;
		};
/* End XCConfigurationList section */
	};
	rootObject = 2996D0681CBCC73600F257FF /* Project object */;
}
